{
  "requires": true,
  "lockfileVersion": 1,
  "dependencies": {
    "plotly.js-dist": {
      "version": "1.54.2",
      "resolved": "https://registry.npmjs.org/plotly.js-dist/-/plotly.js-dist-1.54.2.tgz",
      "integrity": "sha512-Hj3bQ6GFunq/X0W93T8SFylSCTLvWmE7Cqa2wpiyt2Uy9nBqoL2vR2xF4lcOrqygkqWpiNnSNoD3YbwAT/LxGA=="
    }
  }
}
